// !$*UTF8*$!
{
	archiveVersion = 1;
	classes = {
	};
	objectVersion = 50;
	objects = {

/* Begin PBXBuildFile section */
		CB411C9821C43D970040CC99 /* InternetDetailViewController.swift in Sources */ = {isa = PBXBuildFile; fileRef = CB411C9721C43D970040CC99 /* InternetDetailViewController.swift */; };
		CB411C9A21C445D90040CC99 /* InternetMasterViewController.swift in Sources */ = {isa = PBXBuildFile; fileRef = CB411C9921C445D90040CC99 /* InternetMasterViewController.swift */; };
		CBB3E9C621C1AC27007AB99D /* AppDelegate.swift in Sources */ = {isa = PBXBuildFile; fileRef = CBB3E9C521C1AC27007AB99D /* AppDelegate.swift */; };
		CBB3E9CB21C1AC27007AB99D /* Main.storyboard in Resources */ = {isa = PBXBuildFile; fileRef = CBB3E9C921C1AC27007AB99D /* Main.storyboard */; };
		CBB3E9CD21C1AC29007AB99D /* Assets.xcassets in Resources */ = {isa = PBXBuildFile; fileRef = CBB3E9CC21C1AC29007AB99D /* Assets.xcassets */; };
		CBB3E9D021C1AC29007AB99D /* LaunchScreen.storyboard in Resources */ = {isa = PBXBuildFile; fileRef = CBB3E9CE21C1AC29007AB99D /* LaunchScreen.storyboard */; };
/* End PBXBuildFile section */

/* Begin PBXFileReference section */
		CB411C9721C43D970040CC99 /* InternetDetailViewController.swift */ = {isa = PBXFileReference; lastKnownFileType = sourcecode.swift; path = InternetDetailViewController.swift; sourceTree = "<group>"; };
		CB411C9921C445D90040CC99 /* InternetMasterViewController.swift */ = {isa = PBXFileReference; lastKnownFileType = sourcecode.swift; path = InternetMasterViewController.swift; sourceTree = "<group>"; };
		CBB3E9C221C1AC27007AB99D /* InternetProject.app */ = {isa = PBXFileReference; explicitFileType = wrapper.application; includeInIndex = 0; path = InternetProject.app; sourceTree = BUILT_PRODUCTS_DIR; };
		CBB3E9C521C1AC27007AB99D /* AppDelegate.swift */ = {isa = PBXFileReference; lastKnownFileType = sourcecode.swift; path = AppDelegate.swift; sourceTree = "<group>"; };
		CBB3E9CA21C1AC27007AB99D /* Base */ = {isa = PBXFileReference; lastKnownFileType = file.storyboard; name = Base; path = Base.lproj/Main.storyboard; sourceTree = "<group>"; };
		CBB3E9CC21C1AC29007AB99D /* Assets.xcassets */ = {isa = PBXFileReference; lastKnownFileType = folder.assetcatalog; path = Assets.xcassets; sourceTree = "<group>"; };
		CBB3E9CF21C1AC29007AB99D /* Base */ = {isa = PBXFileReference; lastKnownFileType = file.storyboard; name = Base; path = Base.lproj/LaunchScreen.storyboard; sourceTree = "<group>"; };
		CBB3E9D121C1AC29007AB99D /* Info.plist */ = {isa = PBXFileReference; lastKnownFileType = text.plist.xml; path = Info.plist; sourceTree = "<group>"; };
/* End PBXFileReference section */

/* Begin PBXFrameworksBuildPhase section */
		CBB3E9BF21C1AC27007AB99D /* Frameworks */ = {
			isa = PBXFrameworksBuildPhase;
			buildActionMask = 2147483647;
			files = (
			);
			runOnlyForDeploymentPostprocessing = 0;
		};
/* End PBXFrameworksBuildPhase section */

/* Begin PBXGroup section */
		CB411C9421C437B40040CC99 /* View */ = {
			isa = PBXGroup;
			children = (
				CBB3E9C921C1AC27007AB99D /* Main.storyboard */,
				CBB3E9CE21C1AC29007AB99D /* LaunchScreen.storyboard */,
			);
			path = View;
			sourceTree = "<group>";
		};
		CB411C9521C437BE0040CC99 /* Controller */ = {
			isa = PBXGroup;
			children = (
				CB411C9721C43D970040CC99 /* InternetDetailViewController.swift */,
				CB411C9921C445D90040CC99 /* InternetMasterViewController.swift */,
			);
			path = Controller;
			sourceTree = "<group>";
		};
		CB411C9621C437CA0040CC99 /* Resources */ = {
			isa = PBXGroup;
			children = (
				CBB3E9C521C1AC27007AB99D /* AppDelegate.swift */,
				CBB3E9CC21C1AC29007AB99D /* Assets.xcassets */,
				CBB3E9D121C1AC29007AB99D /* Info.plist */,
			);
			path = Resources;
			sourceTree = "<group>";
		};
		CBB3E9B921C1AC27007AB99D = {
			isa = PBXGroup;
			children = (
				CBB3E9C421C1AC27007AB99D /* InternetProject */,
				CBB3E9C321C1AC27007AB99D /* Products */,
			);
			sourceTree = "<group>";
		};
		CBB3E9C321C1AC27007AB99D /* Products */ = {
			isa = PBXGroup;
			children = (
				CBB3E9C221C1AC27007AB99D /* InternetProject.app */,
			);
			name = Products;
			sourceTree = "<group>";
		};
		CBB3E9C421C1AC27007AB99D /* InternetProject */ = {
			isa = PBXGroup;
			children = (
				CB411C9621C437CA0040CC99 /* Resources */,
				CB411C9521C437BE0040CC99 /* Controller */,
				CB411C9421C437B40040CC99 /* View */,
			);
			path = InternetProject;
			sourceTree = "<group>";
		};
/* End PBXGroup section */

/* Begin PBXNativeTarget section */
		CBB3E9C121C1AC27007AB99D /* InternetProject */ = {
			isa = PBXNativeTarget;
			buildConfigurationList = CBB3E9D421C1AC29007AB99D /* Build configuration list for PBXNativeTarget "InternetProject" */;
			buildPhases = (
				CBB3E9BE21C1AC27007AB99D /* Sources */,
				CBB3E9BF21C1AC27007AB99D /* Frameworks */,
				CBB3E9C021C1AC27007AB99D /* Resources */,
			);
			buildRules = (
			);
			dependencies = (
			);
			name = InternetProject;
			productName = InternetProject;
			productReference = CBB3E9C221C1AC27007AB99D /* InternetProject.app */;
			productType = "com.apple.product-type.application";
		};
/* End PBXNativeTarget section */

/* Begin PBXProject section */
		CBB3E9BA21C1AC27007AB99D /* Project object */ = {
			isa = PBXProject;
			attributes = {
				LastSwiftUpdateCheck = 1000;
				LastUpgradeCheck = 1000;
				ORGANIZATIONNAME = CTEC;
				TargetAttributes = {
					CBB3E9C121C1AC27007AB99D = {
						CreatedOnToolsVersion = 10.0;
					};
				};
			};
			buildConfigurationList = CBB3E9BD21C1AC27007AB99D /* Build configuration list for PBXProject "InternetProject" */;
			compatibilityVersion = "Xcode 9.3";
			developmentRegion = en;
			hasScannedForEncodings = 0;
			knownRegions = (
				en,
				Base,
			);
			mainGroup = CBB3E9B921C1AC27007AB99D;
			productRefGroup = CBB3E9C321C1AC27007AB99D /* Products */;
			projectDirPath = "";
			projectRoot = "";
			targets = (
				CBB3E9C121C1AC27007AB99D /* InternetProject */,
			);
		};
/* End PBXProject section */

/* Begin PBXResourcesBuildPhase section */
		CBB3E9C021C1AC27007AB99D /* Resources */ = {
			isa = PBXResourcesBuildPhase;
			buildActionMask = 2147483647;
			files = (
				CBB3E9D021C1AC29007AB99D /* LaunchScreen.storyboard in Resources */,
				CBB3E9CD21C1AC29007AB99D /* Assets.xcassets in Resources */,
				CBB3E9CB21C1AC27007AB99D /* Main.storyboard in Resources */,
			);
			runOnlyForDeploymentPostprocessing = 0;
		};
/* End PBXResourcesBuildPhase section */

/* Begin PBXSourcesBuildPhase section */
		CBB3E9BE21C1AC27007AB99D /* Sources */ = {
			isa = PBXSourcesBuildPhase;
			buildActionMask = 2147483647;
			files = (
				CB411C9821C43D970040CC99 /* InternetDetailViewController.swift in Sources */,
				CB411C9A21C445D90040CC99 /* InternetMasterViewController.swift in Sources */,
				CBB3E9C621C1AC27007AB99D /* AppDelegate.swift in Sources */,
			);
			runOnlyForDeploymentPostprocessing = 0;
		};
/* End PBXSourcesBuildPhase section */

/* Begin PBXVariantGroup section */
		CBB3E9C921C1AC27007AB99D /* Main.storyboard */ = {
			isa = PBXVariantGroup;
			children = (
				CBB3E9CA21C1AC27007AB99D /* Base */,
			);
			name = Main.storyboard;
			sourceTree = "<group>";
		};
		CBB3E9CE21C1AC29007AB99D /* LaunchScreen.storyboard */ = {
			isa = PBXVariantGroup;
			children = (
				CBB3E9CF21C1AC29007AB99D /* Base */,
			);
			name = LaunchScreen.storyboard;
			sourceTree = "<group>";
		};
/* End PBXVariantGroup section */

/* Begin XCBuildConfiguration section */
		CBB3E9D221C1AC29007AB99D /* Debug */ = {
			isa = XCBuildConfiguration;
			buildSettings = {
				ALWAYS_SEARCH_USER_PATHS = NO;
				CLANG_ANALYZER_NONNULL = YES;
				CLANG_ANALYZER_NUMBER_OBJECT_CONVERSION = YES_AGGRESSIVE;
				CLANG_CXX_LANGUAGE_STANDARD = "gnu++14";
				CLANG_CXX_LIBRARY = "libc++";
				CLANG_ENABLE_MODULES = YES;
				CLANG_ENABLE_OBJC_ARC = YES;
				CLANG_ENABLE_OBJC_WEAK = YES;
				CLANG_WARN_BLOCK_CAPTURE_AUTORELEASING = YES;
				CLANG_WARN_BOOL_CONVERSION = YES;
				CLANG_WARN_COMMA = YES;
				CLANG_WARN_CONSTANT_CONVERSION = YES;
				CLANG_WARN_DEPRECATED_OBJC_IMPLEMENTATIONS = YES;
				CLANG_WARN_DIRECT_OBJC_ISA_USAGE = YES_ERROR;
				CLANG_WARN_DOCUMENTATION_COMMENTS = YES;
				CLANG_WARN_EMPTY_BODY = YES;
				CLANG_WARN_ENUM_CONVERSION = YES;
				CLANG_WARN_INFINITE_RECURSION = YES;
				CLANG_WARN_INT_CONVERSION = YES;
				CLANG_WARN_NON_LITERAL_NULL_CONVERSION = YES;
				CLANG_WARN_OBJC_IMPLICIT_RETAIN_SELF = YES;
				CLANG_WARN_OBJC_LITERAL_CONVERSION = YES;
				CLANG_WARN_OBJC_ROOT_CLASS = YES_ERROR;
				CLANG_WARN_RANGE_LOOP_ANALYSIS = YES;
				CLANG_WARN_STRICT_PROTOTYPES = YES;
				CLANG_WARN_SUSPICIOUS_MOVE = YES;
				CLANG_WARN_UNGUARDED_AVAILABILITY = YES_AGGRESSIVE;
				CLANG_WARN_UNREACHABLE_CODE = YES;
				CLANG_WARN__DUPLICATE_METHOD_MATCH = YES;
				CODE_SIGN_IDENTITY = "iPhone Developer";
				COPY_PHASE_STRIP = NO;
				DEBUG_INFORMATION_FORMAT = dwarf;
				ENABLE_STRICT_OBJC_MSGSEND = YES;
				ENABLE_TESTABILITY = YES;
				GCC_C_LANGUAGE_STANDARD = gnu11;
				GCC_DYNAMIC_NO_PIC = NO;
				GCC_NO_COMMON_BLOCKS = YES;
				GCC_OPTIMIZATION_LEVEL = 0;
				GCC_PREPROCESSOR_DEFINITIONS = (
					"DEBUG=1",
					"$(inherited)",
				);
				GCC_WARN_64_TO_32_BIT_CONVERSION = YES;
				GCC_WARN_ABOUT_RETURN_TYPE = YES_ERROR;
				GCC_WARN_UNDECLARED_SELECTOR = YES;
				GCC_WARN_UNINITIALIZED_AUTOS = YES_AGGRESSIVE;
				GCC_WARN_UNUSED_FUNCTION = YES;
				GCC_WARN_UNUSED_VARIABLE = YES;
				IPHONEOS_DEPLOYMENT_TARGET = 12.0;
				MTL_ENABLE_DEBUG_INFO = INCLUDE_SOURCE;
				MTL_FAST_MATH = YES;
				ONLY_ACTIVE_ARCH = YES;
				SDKROOT = iphoneos;
				SWIFT_ACTIVE_COMPILATION_CONDITIONS = DEBUG;
				SWIFT_OPTIMIZATION_LEVEL = "-Onone";
			};
			name = Debug;
		};
		CBB3E9D321C1AC29007AB99D /* Release */ = {
			isa = XCBuildConfiguration;
			buildSettings = {
				ALWAYS_SEARCH_USER_PATHS = NO;
				CLANG_ANALYZER_NONNULL = YES;
				CLANG_ANALYZER_NUMBER_OBJECT_CONVERSION = YES_AGGRESSIVE;
				CLANG_CXX_LANGUAGE_STANDARD = "gnu++14";
				CLANG_CXX_LIBRARY = "libc++";
				CLANG_ENABLE_MODULES = YES;
				CLANG_ENABLE_OBJC_ARC = YES;
				CLANG_ENABLE_OBJC_WEAK = YES;
				CLANG_WARN_BLOCK_CAPTURE_AUTORELEASING = YES;
				CLANG_WARN_BOOL_CONVERSION = YES;
				CLANG_WARN_COMMA = YES;
				CLANG_WARN_CONSTANT_CONVERSION = YES;
				CLANG_WARN_DEPRECATED_OBJC_IMPLEMENTATIONS = YES;
				CLANG_WARN_DIRECT_OBJC_ISA_USAGE = YES_ERROR;
				CLANG_WARN_DOCUMENTATION_COMMENTS = YES;
				CLANG_WARN_EMPTY_BODY = YES;
				CLANG_WARN_ENUM_CONVERSION = YES;
				CLANG_WARN_INFINITE_RECURSION = YES;
				CLANG_WARN_INT_CONVERSION = YES;
				CLANG_WARN_NON_LITERAL_NULL_CONVERSION = YES;
				CLANG_WARN_OBJC_IMPLICIT_RETAIN_SELF = YES;
				CLANG_WARN_OBJC_LITERAL_CONVERSION = YES;
				CLANG_WARN_OBJC_ROOT_CLASS = YES_ERROR;
				CLANG_WARN_RANGE_LOOP_ANALYSIS = YES;
				CLANG_WARN_STRICT_PROTOTYPES = YES;
				CLANG_WARN_SUSPICIOUS_MOVE = YES;
				CLANG_WARN_UNGUARDED_AVAILABILITY = YES_AGGRESSIVE;
				CLANG_WARN_UNREACHABLE_CODE = YES;
				CLANG_WARN__DUPLICATE_METHOD_MATCH = YES;
				CODE_SIGN_IDENTITY = "iPhone Developer";
				COPY_PHASE_STRIP = NO;
				DEBUG_INFORMATION_FORMAT = "dwarf-with-dsym";
				ENABLE_NS_ASSERTIONS = NO;
				ENABLE_STRICT_OBJC_MSGSEND = YES;
				GCC_C_LANGUAGE_STANDARD = gnu11;
				GCC_NO_COMMON_BLOCKS = YES;
				GCC_WARN_64_TO_32_BIT_CONVERSION = YES;
				GCC_WARN_ABOUT_RETURN_TYPE = YES_ERROR;
				GCC_WARN_UNDECLARED_SELECTOR = YES;
				GCC_WARN_UNINITIALIZED_AUTOS = YES_AGGRESSIVE;
				GCC_WARN_UNUSED_FUNCTION = YES;
				GCC_WARN_UNUSED_VARIABLE = YES;
				IPHONEOS_DEPLOYMENT_TARGET = 12.0;
				MTL_ENABLE_DEBUG_INFO = NO;
				MTL_FAST_MATH = YES;
				SDKROOT = iphoneos;
				SWIFT_COMPILATION_MODE = wholemodule;
				SWIFT_OPTIMIZATION_LEVEL = "-O";
				VALIDATE_PRODUCT = YES;
			};
			name = Release;
		};
		CBB3E9D521C1AC29007AB99D /* Debug */ = {
			isa = XCBuildConfiguration;
			buildSettings = {
				ASSETCATALOG_COMPILER_APPICON_NAME = AppIcon;
				CODE_SIGN_STYLE = Automatic;
				DEVELOPMENT_TEAM = M3L692KDA4;
				INFOPLIST_FILE = "$(SRCROOT)/InternetProject/Resources/Info.plist";
				LD_RUNPATH_SEARCH_PATHS = (
					"$(inherited)",
					"@executable_path/Frameworks",
				);
				PRODUCT_BUNDLE_IDENTIFIER = CTEC.InternetProject;
				PRODUCT_NAME = "$(TARGET_NAME)";
				SWIFT_VERSION = 4.2;
				TARGETED_DEVICE_FAMILY = "1,2";
			};
			name = Debug;
		};
		CBB3E9D621C1AC29007AB99D /* Release */ = {
			isa = XCBuildConfiguration;
			buildSettings = {
				ASSETCATALOG_COMPILER_APPICON_NAME = AppIcon;
				CODE_SIGN_STYLE = Automatic;
				DEVELOPMENT_TEAM = M3L692KDA4;
				INFOPLIST_FILE = "$(SRCROOT)/InternetProject/Resources/Info.plist";
				LD_RUNPATH_SEARCH_PATHS = (
					"$(inherited)",
					"@executable_path/Frameworks",
				);
				PRODUCT_BUNDLE_IDENTIFIER = CTEC.InternetProject;
				PRODUCT_NAME = "$(TARGET_NAME)";
				SWIFT_VERSION = 4.2;
				TARGETED_DEVICE_FAMILY = "1,2";
			};
			name = Release;
		};
/* End XCBuildConfiguration section */

/* Begin XCConfigurationList section */
		CBB3E9BD21C1AC27007AB99D /* Build configuration list for PBXProject "InternetProject" */ = {
			isa = XCConfigurationList;
			buildConfigurations = (
				CBB3E9D221C1AC29007AB99D /* Debug */,
				CBB3E9D321C1AC29007AB99D /* Release */,
			);
			defaultConfigurationIsVisible = 0;
			defaultConfigurationName = Release;
		};
		CBB3E9D421C1AC29007AB99D /* Build configuration list for PBXNativeTarget "InternetProject" */ = {
			isa = XCConfigurationList;
			buildConfigurations = (
				CBB3E9D521C1AC29007AB99D /* Debug */,
				CBB3E9D621C1AC29007AB99D /* Release */,
			);
			defaultConfigurationIsVisible = 0;
			defaultConfigurationName = Release;
		};
/* End XCConfigurationList section */
	};
	rootObject = CBB3E9BA21C1AC27007AB99D /* Project object */;
}
